
Microsoft Visual Studio Solution File, Format Version 12.00
# Visual Studio Version 17
VisualStudioVersion = 17.9.34622.214
MinimumVisualStudioVersion = 10.0.40219.1
Project("{FAE04EC0-301F-11D3-BF4B-00C04F79EFBC}") = "PRELIM_LAB3_BSIT31A2_Bianca_Dollente", "PRELIM_LAB3_BSIT31A2_Bianca_Dollente.csproj", "{C2574923-815B-4183-AE3E-7E273F545EFD}"
EndProject
Global
	GlobalSection(SolutionConfigurationPlatforms) = preSolution
		Debug|Any CPU = Debug|Any CPU
		Release|Any CPU = Release|Any CPU
	EndGlobalSection
	GlobalSection(ProjectConfigurationPlatforms) = postSolution
		{C2574923-815B-4183-AE3E-7E273F545EFD}.Debug|Any CPU.ActiveCfg = Debug|Any CPU
		{C2574923-815B-4183-AE3E-7E273F545EFD}.Debug|Any CPU.Build.0 = Debug|Any CPU
		{C2574923-815B-4183-AE3E-7E273F545EFD}.Release|Any CPU.ActiveCfg = Release|Any CPU
		{C2574923-815B-4183-AE3E-7E273F545EFD}.Release|Any CPU.Build.0 = Release|Any CPU
	EndGlobalSection
	GlobalSection(SolutionProperties) = preSolution
		HideSolutionNode = FALSE
	EndGlobalSection
	GlobalSection(ExtensibilityGlobals) = postSolution
		SolutionGuid = {6C6E34A6-49AD-483E-9D7A-01021F2F4DF3}
	EndGlobalSection
EndGlobal
